
Microsoft Visual Studio Solution File, Format Version 12.00
# Visual Studio Version 16
VisualStudioVersion = 16.0.33214.272
MinimumVisualStudioVersion = 10.0.40219.1
Project("{FAE04EC0-301F-11D3-BF4B-00C04F79EFBC}") = "Project-2-TaskApp", "Project-2-TaskApp\Project-2-TaskApp.csproj", "{603A6EB3-37BE-42B5-918A-B679516314DD}"
EndProject
Global
	GlobalSection(SolutionConfigurationPlatforms) = preSolution
		Debug|Any CPU = Debug|Any CPU
		Release|Any CPU = Release|Any CPU
	EndGlobalSection
	GlobalSection(ProjectConfigurationPlatforms) = postSolution
		{603A6EB3-37BE-42B5-918A-B679516314DD}.Debug|Any CPU.ActiveCfg = Debug|Any CPU
		{603A6EB3-37BE-42B5-918A-B679516314DD}.Debug|Any CPU.Build.0 = Debug|Any CPU
		{603A6EB3-37BE-42B5-918A-B679516314DD}.Release|Any CPU.ActiveCfg = Release|Any CPU
		{603A6EB3-37BE-42B5-918A-B679516314DD}.Release|Any CPU.Build.0 = Release|Any CPU
	EndGlobalSection
	GlobalSection(SolutionProperties) = preSolution
		HideSolutionNode = FALSE
	EndGlobalSection
	GlobalSection(ExtensibilityGlobals) = postSolution
		SolutionGuid = {F6904C5C-367B-4853-A04D-0CAD0B612527}
	EndGlobalSection
EndGlobal
